
Microsoft Visual Studio Solution File, Format Version 12.00
# Visual Studio 15
VisualStudioVersion = 15.0.28010.2050
MinimumVisualStudioVersion = 10.0.40219.1
Project("{FAE04EC0-301F-11D3-BF4B-00C04F79EFBC}") = "JwtEncryption", "JwtEncryption\JwtEncryption.csproj", "{01F95CE1-8E15-4D39-87F6-477DE4673665}"
EndProject
Global
	GlobalSection(SolutionConfigurationPlatforms) = preSolution
		Debug|Any CPU = Debug|Any CPU
		Release|Any CPU = Release|Any CPU
	EndGlobalSection
	GlobalSection(ProjectConfigurationPlatforms) = postSolution
		{01F95CE1-8E15-4D39-87F6-477DE4673665}.Debug|Any CPU.ActiveCfg = Debug|Any CPU
		{01F95CE1-8E15-4D39-87F6-477DE4673665}.Debug|Any CPU.Build.0 = Debug|Any CPU
		{01F95CE1-8E15-4D39-87F6-477DE4673665}.Release|Any CPU.ActiveCfg = Release|Any CPU
		{01F95CE1-8E15-4D39-87F6-477DE4673665}.Release|Any CPU.Build.0 = Release|Any CPU
	EndGlobalSection
	GlobalSection(SolutionProperties) = preSolution
		HideSolutionNode = FALSE
	EndGlobalSection
	GlobalSection(ExtensibilityGlobals) = postSolution
		SolutionGuid = {091B0869-C0AA-4530-AFA8-AE8B8C865FF3}
	EndGlobalSection
EndGlobal
